
Microsoft Visual Studio Solution File, Format Version 11.00
# Visual Basic Express 2010
Project("{F184B08F-C81C-45F6-A57F-5ABD9991F28F}") = "Java Binder Class", "Java Binder Class\Java Binder Class.vbproj", "{DA25E7F1-AA4F-477F-8331-D4463CE620DD}"
EndProject
Global
	GlobalSection(SolutionConfigurationPlatforms) = preSolution
		Debug|x86 = Debug|x86
		Release|x86 = Release|x86
	EndGlobalSection
	GlobalSection(ProjectConfigurationPlatforms) = postSolution
		{DA25E7F1-AA4F-477F-8331-D4463CE620DD}.Debug|x86.ActiveCfg = Debug|x86
		{DA25E7F1-AA4F-477F-8331-D4463CE620DD}.Debug|x86.Build.0 = Debug|x86
		{DA25E7F1-AA4F-477F-8331-D4463CE620DD}.Release|x86.ActiveCfg = Release|x86
		{DA25E7F1-AA4F-477F-8331-D4463CE620DD}.Release|x86.Build.0 = Release|x86
	EndGlobalSection
	GlobalSection(SolutionProperties) = preSolution
		HideSolutionNode = FALSE
	EndGlobalSection
EndGlobal
